// !$*UTF8*$!
{
	archiveVersion = 1;
	classes = {
	};
	objectVersion = 46;
	objects = {

/* Begin PBXBuildFile section */
		9D746C901A358E0E009BEFCF /* main.m in Sources */ = {isa = PBXBuildFile; fileRef = 9D746C8F1A358E0E009BEFCF /* main.m */; };
		9D746C931A358E0E009BEFCF /* BCAppDelegate.m in Sources */ = {isa = PBXBuildFile; fileRef = 9D746C921A358E0E009BEFCF /* BCAppDelegate.m */; };
		9D746C9B1A358E0E009BEFCF /* Images.xcassets in Resources */ = {isa = PBXBuildFile; fileRef = 9D746C9A1A358E0E009BEFCF /* Images.xcassets */; };
		9D746CAA1A358E0E009BEFCF /* BCImagePickerTests.m in Sources */ = {isa = PBXBuildFile; fileRef = 9D746CA91A358E0E009BEFCF /* BCImagePickerTests.m */; };
		9D746CB51A3590A8009BEFCF /* BCHomeViewController.m in Sources */ = {isa = PBXBuildFile; fileRef = 9D746CB41A3590A8009BEFCF /* BCHomeViewController.m */; };
		9D746CC31A3595FE009BEFCF /* MosaicLayout.m in Sources */ = {isa = PBXBuildFile; fileRef = 9D746CBA1A3595FE009BEFCF /* MosaicLayout.m */; };
		9D746CC41A3595FE009BEFCF /* MosaicData.m in Sources */ = {isa = PBXBuildFile; fileRef = 9D746CBD1A3595FE009BEFCF /* MosaicData.m */; };
		9D746CC51A3595FE009BEFCF /* MosaicCell.m in Sources */ = {isa = PBXBuildFile; fileRef = 9D746CC21A3595FE009BEFCF /* MosaicCell.m */; };
		9D746CC81A359879009BEFCF /* BCImageManager.m in Sources */ = {isa = PBXBuildFile; fileRef = 9D746CC71A359879009BEFCF /* BCImageManager.m */; };
		9D746CCC1A35A79C009BEFCF /* BCImageResult.m in Sources */ = {isa = PBXBuildFile; fileRef = 9D746CCB1A35A79C009BEFCF /* BCImageResult.m */; };
		9D746CD01A35A88D009BEFCF /* NSArray+BCAdditions.m in Sources */ = {isa = PBXBuildFile; fileRef = 9D746CCF1A35A88D009BEFCF /* NSArray+BCAdditions.m */; };
		9D746CD41A35B097009BEFCF /* BCImageCollectionViewCell.m in Sources */ = {isa = PBXBuildFile; fileRef = 9D746CD31A35B097009BEFCF /* BCImageCollectionViewCell.m */; };
		F9FCDDA04CC42293F3FF85AF /* libPods.a in Frameworks */ = {isa = PBXBuildFile; fileRef = 1A010A520848B1FFE53E24BB /* libPods.a */; };
/* End PBXBuildFile section */

/* Begin PBXContainerItemProxy section */
		9D746CA41A358E0E009BEFCF /* PBXContainerItemProxy */ = {
			isa = PBXContainerItemProxy;
			containerPortal = 9D746C821A358E0D009BEFCF /* Project object */;
			proxyType = 1;
			remoteGlobalIDString = 9D746C891A358E0E009BEFCF;
			remoteInfo = BCImagePicker;
		};
/* End PBXContainerItemProxy section */

/* Begin PBXFileReference section */
		1A010A520848B1FFE53E24BB /* libPods.a */ = {isa = PBXFileReference; explicitFileType = archive.ar; includeInIndex = 0; path = libPods.a; sourceTree = BUILT_PRODUCTS_DIR; };
		21CCCE696548561CAFB1ECBE /* Pods.release.xcconfig */ = {isa = PBXFileReference; includeInIndex = 1; lastKnownFileType = text.xcconfig; name = Pods.release.xcconfig; path = "Pods/Target Support Files/Pods/Pods.release.xcconfig"; sourceTree = "<group>"; };
		9D746C8A1A358E0E009BEFCF /* BCImagePicker.app */ = {isa = PBXFileReference; explicitFileType = wrapper.application; includeInIndex = 0; path = BCImagePicker.app; sourceTree = BUILT_PRODUCTS_DIR; };
		9D746C8E1A358E0E009BEFCF /* Info.plist */ = {isa = PBXFileReference; lastKnownFileType = text.plist.xml; path = Info.plist; sourceTree = "<group>"; };
		9D746C8F1A358E0E009BEFCF /* main.m */ = {isa = PBXFileReference; lastKnownFileType = sourcecode.c.objc; path = main.m; sourceTree = "<group>"; };
		9D746C911A358E0E009BEFCF /* BCAppDelegate.h */ = {isa = PBXFileReference; lastKnownFileType = sourcecode.c.h; path = BCAppDelegate.h; sourceTree = "<group>"; };
		9D746C921A358E0E009BEFCF /* BCAppDelegate.m */ = {isa = PBXFileReference; lastKnownFileType = sourcecode.c.objc; path = BCAppDelegate.m; sourceTree = "<group>"; };
		9D746C9A1A358E0E009BEFCF /* Images.xcassets */ = {isa = PBXFileReference; lastKnownFileType = folder.assetcatalog; path = Images.xcassets; sourceTree = "<group>"; };
		9D746CA31A358E0E009BEFCF /* BCImagePickerTests.xctest */ = {isa = PBXFileReference; explicitFileType = wrapper.cfbundle; includeInIndex = 0; path = BCImagePickerTests.xctest; sourceTree = BUILT_PRODUCTS_DIR; };
		9D746CA81A358E0E009BEFCF /* Info.plist */ = {isa = PBXFileReference; lastKnownFileType = text.plist.xml; path = Info.plist; sourceTree = "<group>"; };
		9D746CA91A358E0E009BEFCF /* BCImagePickerTests.m */ = {isa = PBXFileReference; lastKnownFileType = sourcecode.c.objc; path = BCImagePickerTests.m; sourceTree = "<group>"; };
		9D746CB31A3590A8009BEFCF /* BCHomeViewController.h */ = {isa = PBXFileReference; fileEncoding = 4; lastKnownFileType = sourcecode.c.h; path = BCHomeViewController.h; sourceTree = "<group>"; };
		9D746CB41A3590A8009BEFCF /* BCHomeViewController.m */ = {isa = PBXFileReference; fileEncoding = 4; lastKnownFileType = sourcecode.c.objc; path = BCHomeViewController.m; sourceTree = "<group>"; };
		9D746CB91A3595FE009BEFCF /* MosaicLayout.h */ = {isa = PBXFileReference; fileEncoding = 4; lastKnownFileType = sourcecode.c.h; path = MosaicLayout.h; sourceTree = "<group>"; };
		9D746CBA1A3595FE009BEFCF /* MosaicLayout.m */ = {isa = PBXFileReference; fileEncoding = 4; lastKnownFileType = sourcecode.c.objc; path = MosaicLayout.m; sourceTree = "<group>"; };
		9D746CBC1A3595FE009BEFCF /* MosaicData.h */ = {isa = PBXFileReference; fileEncoding = 4; lastKnownFileType = sourcecode.c.h; path = MosaicData.h; sourceTree = "<group>"; };
		9D746CBD1A3595FE009BEFCF /* MosaicData.m */ = {isa = PBXFileReference; fileEncoding = 4; lastKnownFileType = sourcecode.c.objc; path = MosaicData.m; sourceTree = "<group>"; };
		9D746CBF1A3595FE009BEFCF /* MosaicLayoutDelegate.h */ = {isa = PBXFileReference; fileEncoding = 4; lastKnownFileType = sourcecode.c.h; path = MosaicLayoutDelegate.h; sourceTree = "<group>"; };
		9D746CC11A3595FE009BEFCF /* MosaicCell.h */ = {isa = PBXFileReference; fileEncoding = 4; lastKnownFileType = sourcecode.c.h; path = MosaicCell.h; sourceTree = "<group>"; };
		9D746CC21A3595FE009BEFCF /* MosaicCell.m */ = {isa = PBXFileReference; fileEncoding = 4; lastKnownFileType = sourcecode.c.objc; path = MosaicCell.m; sourceTree = "<group>"; };
		9D746CC61A359879009BEFCF /* BCImageManager.h */ = {isa = PBXFileReference; fileEncoding = 4; lastKnownFileType = sourcecode.c.h; path = BCImageManager.h; sourceTree = "<group>"; };
		9D746CC71A359879009BEFCF /* BCImageManager.m */ = {isa = PBXFileReference; fileEncoding = 4; lastKnownFileType = sourcecode.c.objc; path = BCImageManager.m; sourceTree = "<group>"; };
		9D746CCA1A35A79C009BEFCF /* BCImageResult.h */ = {isa = PBXFileReference; fileEncoding = 4; lastKnownFileType = sourcecode.c.h; path = BCImageResult.h; sourceTree = "<group>"; };
		9D746CCB1A35A79C009BEFCF /* BCImageResult.m */ = {isa = PBXFileReference; fileEncoding = 4; lastKnownFileType = sourcecode.c.objc; path = BCImageResult.m; sourceTree = "<group>"; };
		9D746CCE1A35A88D009BEFCF /* NSArray+BCAdditions.h */ = {isa = PBXFileReference; fileEncoding = 4; lastKnownFileType = sourcecode.c.h; path = "NSArray+BCAdditions.h"; sourceTree = "<group>"; };
		9D746CCF1A35A88D009BEFCF /* NSArray+BCAdditions.m */ = {isa = PBXFileReference; fileEncoding = 4; lastKnownFileType = sourcecode.c.objc; path = "NSArray+BCAdditions.m"; sourceTree = "<group>"; };
		9D746CD21A35B097009BEFCF /* BCImageCollectionViewCell.h */ = {isa = PBXFileReference; fileEncoding = 4; lastKnownFileType = sourcecode.c.h; path = BCImageCollectionViewCell.h; sourceTree = "<group>"; };
		9D746CD31A35B097009BEFCF /* BCImageCollectionViewCell.m */ = {isa = PBXFileReference; fileEncoding = 4; lastKnownFileType = sourcecode.c.objc; path = BCImageCollectionViewCell.m; sourceTree = "<group>"; };
		9E87277515B9CF50B16BD851 /* Pods.debug.xcconfig */ = {isa = PBXFileReference; includeInIndex = 1; lastKnownFileType = text.xcconfig; name = Pods.debug.xcconfig; path = "Pods/Target Support Files/Pods/Pods.debug.xcconfig"; sourceTree = "<group>"; };
/* End PBXFileReference section */

/* Begin PBXFrameworksBuildPhase section */
		9D746C871A358E0E009BEFCF /* Frameworks */ = {
			isa = PBXFrameworksBuildPhase;
			buildActionMask = 2147483647;
			files = (
				F9FCDDA04CC42293F3FF85AF /* libPods.a in Frameworks */,
			);
			runOnlyForDeploymentPostprocessing = 0;
		};
		9D746CA01A358E0E009BEFCF /* Frameworks */ = {
			isa = PBXFrameworksBuildPhase;
			buildActionMask = 2147483647;
			files = (
			);
			runOnlyForDeploymentPostprocessing = 0;
		};
/* End PBXFrameworksBuildPhase section */

/* Begin PBXGroup section */
		72DBC21D5BF9703A3B1F9715 /* Pods */ = {
			isa = PBXGroup;
			children = (
				9E87277515B9CF50B16BD851 /* Pods.debug.xcconfig */,
				21CCCE696548561CAFB1ECBE /* Pods.release.xcconfig */,
			);
			name = Pods;
			sourceTree = "<group>";
		};
		92190693327B1736FD8491E1 /* Frameworks */ = {
			isa = PBXGroup;
			children = (
				1A010A520848B1FFE53E24BB /* libPods.a */,
			);
			name = Frameworks;
			sourceTree = "<group>";
		};
		9D746C811A358E0D009BEFCF = {
			isa = PBXGroup;
			children = (
				9D746C8C1A358E0E009BEFCF /* BCImagePicker */,
				9D746CA61A358E0E009BEFCF /* BCImagePickerTests */,
				9D746C8B1A358E0E009BEFCF /* Products */,
				72DBC21D5BF9703A3B1F9715 /* Pods */,
				92190693327B1736FD8491E1 /* Frameworks */,
			);
			sourceTree = "<group>";
		};
		9D746C8B1A358E0E009BEFCF /* Products */ = {
			isa = PBXGroup;
			children = (
				9D746C8A1A358E0E009BEFCF /* BCImagePicker.app */,
				9D746CA31A358E0E009BEFCF /* BCImagePickerTests.xctest */,
			);
			name = Products;
			sourceTree = "<group>";
		};
		9D746C8C1A358E0E009BEFCF /* BCImagePicker */ = {
			isa = PBXGroup;
			children = (
				9D746CD21A35B097009BEFCF /* BCImageCollectionViewCell.h */,
				9D746CD31A35B097009BEFCF /* BCImageCollectionViewCell.m */,
				9D746CD11A35A89A009BEFCF /* Categories */,
				9D746CCD1A35A7A2009BEFCF /* Models */,
				9D746C911A358E0E009BEFCF /* BCAppDelegate.h */,
				9D746C921A358E0E009BEFCF /* BCAppDelegate.m */,
				9D746CC91A35987F009BEFCF /* Managers */,
				9D746CB61A35913E009BEFCF /* View Controllers */,
				9D746CB71A3595FE009BEFCF /* MosaicLayout */,
				9D746C9A1A358E0E009BEFCF /* Images.xcassets */,
				9D746C8D1A358E0E009BEFCF /* Supporting Files */,
			);
			path = BCImagePicker;
			sourceTree = "<group>";
		};
		9D746C8D1A358E0E009BEFCF /* Supporting Files */ = {
			isa = PBXGroup;
			children = (
				9D746C8E1A358E0E009BEFCF /* Info.plist */,
				9D746C8F1A358E0E009BEFCF /* main.m */,
			);
			name = "Supporting Files";
			sourceTree = "<group>";
		};
		9D746CA61A358E0E009BEFCF /* BCImagePickerTests */ = {
			isa = PBXGroup;
			children = (
				9D746CA91A358E0E009BEFCF /* BCImagePickerTests.m */,
				9D746CA71A358E0E009BEFCF /* Supporting Files */,
			);
			path = BCImagePickerTests;
			sourceTree = "<group>";
		};
		9D746CA71A358E0E009BEFCF /* Supporting Files */ = {
			isa = PBXGroup;
			children = (
				9D746CA81A358E0E009BEFCF /* Info.plist */,
			);
			name = "Supporting Files";
			sourceTree = "<group>";
		};
		9D746CB61A35913E009BEFCF /* View Controllers */ = {
			isa = PBXGroup;
			children = (
				9D746CB31A3590A8009BEFCF /* BCHomeViewController.h */,
				9D746CB41A3590A8009BEFCF /* BCHomeViewController.m */,
			);
			name = "View Controllers";
			sourceTree = "<group>";
		};
		9D746CB71A3595FE009BEFCF /* MosaicLayout */ = {
			isa = PBXGroup;
			children = (
				9D746CB81A3595FE009BEFCF /* Controllers */,
				9D746CBB1A3595FE009BEFCF /* Entities */,
				9D746CBE1A3595FE009BEFCF /* Protocols */,
				9D746CC01A3595FE009BEFCF /* Views */,
			);
			path = MosaicLayout;
			sourceTree = "<group>";
		};
		9D746CB81A3595FE009BEFCF /* Controllers */ = {
			isa = PBXGroup;
			children = (
				9D746CB91A3595FE009BEFCF /* MosaicLayout.h */,
				9D746CBA1A3595FE009BEFCF /* MosaicLayout.m */,
			);
			path = Controllers;
			sourceTree = "<group>";
		};
		9D746CBB1A3595FE009BEFCF /* Entities */ = {
			isa = PBXGroup;
			children = (
				9D746CBC1A3595FE009BEFCF /* MosaicData.h */,
				9D746CBD1A3595FE009BEFCF /* MosaicData.m */,
			);
			path = Entities;
			sourceTree = "<group>";
		};
		9D746CBE1A3595FE009BEFCF /* Protocols */ = {
			isa = PBXGroup;
			children = (
				9D746CBF1A3595FE009BEFCF /* MosaicLayoutDelegate.h */,
			);
			path = Protocols;
			sourceTree = "<group>";
		};
		9D746CC01A3595FE009BEFCF /* Views */ = {
			isa = PBXGroup;
			children = (
				9D746CC11A3595FE009BEFCF /* MosaicCell.h */,
				9D746CC21A3595FE009BEFCF /* MosaicCell.m */,
			);
			path = Views;
			sourceTree = "<group>";
		};
		9D746CC91A35987F009BEFCF /* Managers */ = {
			isa = PBXGroup;
			children = (
				9D746CC61A359879009BEFCF /* BCImageManager.h */,
				9D746CC71A359879009BEFCF /* BCImageManager.m */,
			);
			name = Managers;
			sourceTree = "<group>";
		};
		9D746CCD1A35A7A2009BEFCF /* Models */ = {
			isa = PBXGroup;
			children = (
				9D746CCA1A35A79C009BEFCF /* BCImageResult.h */,
				9D746CCB1A35A79C009BEFCF /* BCImageResult.m */,
			);
			name = Models;
			sourceTree = "<group>";
		};
		9D746CD11A35A89A009BEFCF /* Categories */ = {
			isa = PBXGroup;
			children = (
				9D746CCE1A35A88D009BEFCF /* NSArray+BCAdditions.h */,
				9D746CCF1A35A88D009BEFCF /* NSArray+BCAdditions.m */,
			);
			name = Categories;
			sourceTree = "<group>";
		};
/* End PBXGroup section */

/* Begin PBXNativeTarget section */
		9D746C891A358E0E009BEFCF /* BCImagePicker */ = {
			isa = PBXNativeTarget;
			buildConfigurationList = 9D746CAD1A358E0E009BEFCF /* Build configuration list for PBXNativeTarget "BCImagePicker" */;
			buildPhases = (
				CDF4E38B3BF7E46CCF088280 /* Check Pods Manifest.lock */,
				9D746C861A358E0E009BEFCF /* Sources */,
				9D746C871A358E0E009BEFCF /* Frameworks */,
				9D746C881A358E0E009BEFCF /* Resources */,
				994F93C709A811E2E31BC0CD /* Copy Pods Resources */,
			);
			buildRules = (
			);
			dependencies = (
			);
			name = BCImagePicker;
			productName = BCImagePicker;
			productReference = 9D746C8A1A358E0E009BEFCF /* BCImagePicker.app */;
			productType = "com.apple.product-type.application";
		};
		9D746CA21A358E0E009BEFCF /* BCImagePickerTests */ = {
			isa = PBXNativeTarget;
			buildConfigurationList = 9D746CB01A358E0E009BEFCF /* Build configuration list for PBXNativeTarget "BCImagePickerTests" */;
			buildPhases = (
				9D746C9F1A358E0E009BEFCF /* Sources */,
				9D746CA01A358E0E009BEFCF /* Frameworks */,
				9D746CA11A358E0E009BEFCF /* Resources */,
			);
			buildRules = (
			);
			dependencies = (
				9D746CA51A358E0E009BEFCF /* PBXTargetDependency */,
			);
			name = BCImagePickerTests;
			productName = BCImagePickerTests;
			productReference = 9D746CA31A358E0E009BEFCF /* BCImagePickerTests.xctest */;
			productType = "com.apple.product-type.bundle.unit-test";
		};
/* End PBXNativeTarget section */

/* Begin PBXProject section */
		9D746C821A358E0D009BEFCF /* Project object */ = {
			isa = PBXProject;
			attributes = {
				LastUpgradeCheck = 0610;
				ORGANIZATIONNAME = "Chris O'Neil";
				TargetAttributes = {
					9D746C891A358E0E009BEFCF = {
						CreatedOnToolsVersion = 6.1.1;
					};
					9D746CA21A358E0E009BEFCF = {
						CreatedOnToolsVersion = 6.1.1;
						TestTargetID = 9D746C891A358E0E009BEFCF;
					};
				};
			};
			buildConfigurationList = 9D746C851A358E0D009BEFCF /* Build configuration list for PBXProject "BCImagePicker" */;
			compatibilityVersion = "Xcode 3.2";
			developmentRegion = English;
			hasScannedForEncodings = 0;
			knownRegions = (
				en,
				Base,
			);
			mainGroup = 9D746C811A358E0D009BEFCF;
			productRefGroup = 9D746C8B1A358E0E009BEFCF /* Products */;
			projectDirPath = "";
			projectRoot = "";
			targets = (
				9D746C891A358E0E009BEFCF /* BCImagePicker */,
				9D746CA21A358E0E009BEFCF /* BCImagePickerTests */,
			);
		};
/* End PBXProject section */

/* Begin PBXResourcesBuildPhase section */
		9D746C881A358E0E009BEFCF /* Resources */ = {
			isa = PBXResourcesBuildPhase;
			buildActionMask = 2147483647;
			files = (
				9D746C9B1A358E0E009BEFCF /* Images.xcassets in Resources */,
			);
			runOnlyForDeploymentPostprocessing = 0;
		};
		9D746CA11A358E0E009BEFCF /* Resources */ = {
			isa = PBXResourcesBuildPhase;
			buildActionMask = 2147483647;
			files = (
			);
			runOnlyForDeploymentPostprocessing = 0;
		};
/* End PBXResourcesBuildPhase section */

/* Begin PBXShellScriptBuildPhase section */
		994F93C709A811E2E31BC0CD /* Copy Pods Resources */ = {
			isa = PBXShellScriptBuildPhase;
			buildActionMask = 2147483647;
			files = (
			);
			inputPaths = (
			);
			name = "Copy Pods Resources";
			outputPaths = (
			);
			runOnlyForDeploymentPostprocessing = 0;
			shellPath = /bin/sh;
			shellScript = "\"${SRCROOT}/Pods/Target Support Files/Pods/Pods-resources.sh\"\n";
			showEnvVarsInLog = 0;
		};
		CDF4E38B3BF7E46CCF088280 /* Check Pods Manifest.lock */ = {
			isa = PBXShellScriptBuildPhase;
			buildActionMask = 2147483647;
			files = (
			);
			inputPaths = (
			);
			name = "Check Pods Manifest.lock";
			outputPaths = (
			);
			runOnlyForDeploymentPostprocessing = 0;
			shellPath = /bin/sh;
			shellScript = "diff \"${PODS_ROOT}/../Podfile.lock\" \"${PODS_ROOT}/Manifest.lock\" > /dev/null\nif [[ $? != 0 ]] ; then\n    cat << EOM\nerror: The sandbox is not in sync with the Podfile.lock. Run 'pod install' or update your CocoaPods installation.\nEOM\n    exit 1\nfi\n";
			showEnvVarsInLog = 0;
		};
/* End PBXShellScriptBuildPhase section */

/* Begin PBXSourcesBuildPhase section */
		9D746C861A358E0E009BEFCF /* Sources */ = {
			isa = PBXSourcesBuildPhase;
			buildActionMask = 2147483647;
			files = (
				9D746CB51A3590A8009BEFCF /* BCHomeViewController.m in Sources */,
				9D746CCC1A35A79C009BEFCF /* BCImageResult.m in Sources */,
				9D746CC51A3595FE009BEFCF /* MosaicCell.m in Sources */,
				9D746CD41A35B097009BEFCF /* BCImageCollectionViewCell.m in Sources */,
				9D746C931A358E0E009BEFCF /* BCAppDelegate.m in Sources */,
				9D746CC81A359879009BEFCF /* BCImageManager.m in Sources */,
				9D746CD01A35A88D009BEFCF /* NSArray+BCAdditions.m in Sources */,
				9D746C901A358E0E009BEFCF /* main.m in Sources */,
				9D746CC41A3595FE009BEFCF /* MosaicData.m in Sources */,
				9D746CC31A3595FE009BEFCF /* MosaicLayout.m in Sources */,
			);
			runOnlyForDeploymentPostprocessing = 0;
		};
		9D746C9F1A358E0E009BEFCF /* Sources */ = {
			isa = PBXSourcesBuildPhase;
			buildActionMask = 2147483647;
			files = (
				9D746CAA1A358E0E009BEFCF /* BCImagePickerTests.m in Sources */,
			);
			runOnlyForDeploymentPostprocessing = 0;
		};
/* End PBXSourcesBuildPhase section */

/* Begin PBXTargetDependency section */
		9D746CA51A358E0E009BEFCF /* PBXTargetDependency */ = {
			isa = PBXTargetDependency;
			target = 9D746C891A358E0E009BEFCF /* BCImagePicker */;
			targetProxy = 9D746CA41A358E0E009BEFCF /* PBXContainerItemProxy */;
		};
/* End PBXTargetDependency section */

/* Begin XCBuildConfiguration section */
		9D746CAB1A358E0E009BEFCF /* Debug */ = {
			isa = XCBuildConfiguration;
			buildSettings = {
				ALWAYS_SEARCH_USER_PATHS = NO;
				CLANG_CXX_LANGUAGE_STANDARD = "gnu++0x";
				CLANG_CXX_LIBRARY = "libc++";
				CLANG_ENABLE_MODULES = YES;
				CLANG_ENABLE_OBJC_ARC = YES;
				CLANG_WARN_BOOL_CONVERSION = YES;
				CLANG_WARN_CONSTANT_CONVERSION = YES;
				CLANG_WARN_DIRECT_OBJC_ISA_USAGE = YES_ERROR;
				CLANG_WARN_EMPTY_BODY = YES;
				CLANG_WARN_ENUM_CONVERSION = YES;
				CLANG_WARN_INT_CONVERSION = YES;
				CLANG_WARN_OBJC_ROOT_CLASS = YES_ERROR;
				CLANG_WARN_UNREACHABLE_CODE = YES;
				CLANG_WARN__DUPLICATE_METHOD_MATCH = YES;
				"CODE_SIGN_IDENTITY[sdk=iphoneos*]" = "iPhone Developer";
				COPY_PHASE_STRIP = NO;
				ENABLE_STRICT_OBJC_MSGSEND = YES;
				GCC_C_LANGUAGE_STANDARD = gnu99;
				GCC_DYNAMIC_NO_PIC = NO;
				GCC_OPTIMIZATION_LEVEL = 0;
				GCC_PREPROCESSOR_DEFINITIONS = (
					"DEBUG=1",
					"$(inherited)",
				);
				GCC_SYMBOLS_PRIVATE_EXTERN = NO;
				GCC_WARN_64_TO_32_BIT_CONVERSION = YES;
				GCC_WARN_ABOUT_RETURN_TYPE = YES_ERROR;
				GCC_WARN_UNDECLARED_SELECTOR = YES;
				GCC_WARN_UNINITIALIZED_AUTOS = YES_AGGRESSIVE;
				GCC_WARN_UNUSED_FUNCTION = YES;
				GCC_WARN_UNUSED_VARIABLE = YES;
				IPHONEOS_DEPLOYMENT_TARGET = 8.1;
				MTL_ENABLE_DEBUG_INFO = YES;
				ONLY_ACTIVE_ARCH = YES;
				SDKROOT = iphoneos;
			};
			name = Debug;
		};
		9D746CAC1A358E0E009BEFCF /* Release */ = {
			isa = XCBuildConfiguration;
			buildSettings = {
				ALWAYS_SEARCH_USER_PATHS = NO;
				CLANG_CXX_LANGUAGE_STANDARD = "gnu++0x";
				CLANG_CXX_LIBRARY = "libc++";
				CLANG_ENABLE_MODULES = YES;
				CLANG_ENABLE_OBJC_ARC = YES;
				CLANG_WARN_BOOL_CONVERSION = YES;
				CLANG_WARN_CONSTANT_CONVERSION = YES;
				CLANG_WARN_DIRECT_OBJC_ISA_USAGE = YES_ERROR;
				CLANG_WARN_EMPTY_BODY = YES;
				CLANG_WARN_ENUM_CONVERSION = YES;
				CLANG_WARN_INT_CONVERSION = YES;
				CLANG_WARN_OBJC_ROOT_CLASS = YES_ERROR;
				CLANG_WARN_UNREACHABLE_CODE = YES;
				CLANG_WARN__DUPLICATE_METHOD_MATCH = YES;
				"CODE_SIGN_IDENTITY[sdk=iphoneos*]" = "iPhone Developer";
				COPY_PHASE_STRIP = YES;
				ENABLE_NS_ASSERTIONS = NO;
				ENABLE_STRICT_OBJC_MSGSEND = YES;
				GCC_C_LANGUAGE_STANDARD = gnu99;
				GCC_WARN_64_TO_32_BIT_CONVERSION = YES;
				GCC_WARN_ABOUT_RETURN_TYPE = YES_ERROR;
				GCC_WARN_UNDECLARED_SELECTOR = YES;
				GCC_WARN_UNINITIALIZED_AUTOS = YES_AGGRESSIVE;
				GCC_WARN_UNUSED_FUNCTION = YES;
				GCC_WARN_UNUSED_VARIABLE = YES;
				IPHONEOS_DEPLOYMENT_TARGET = 8.1;
				MTL_ENABLE_DEBUG_INFO = NO;
				SDKROOT = iphoneos;
				VALIDATE_PRODUCT = YES;
			};
			name = Release;
		};
		9D746CAE1A358E0E009BEFCF /* Debug */ = {
			isa = XCBuildConfiguration;
			baseConfigurationReference = 9E87277515B9CF50B16BD851 /* Pods.debug.xcconfig */;
			buildSettings = {
				ASSETCATALOG_COMPILER_APPICON_NAME = "AppIcon-2";
				ASSETCATALOG_COMPILER_LAUNCHIMAGE_NAME = LaunchImage;
				INFOPLIST_FILE = BCImagePicker/Info.plist;
				LD_RUNPATH_SEARCH_PATHS = "$(inherited) @executable_path/Frameworks";
				PRODUCT_NAME = "$(TARGET_NAME)";
			};
			name = Debug;
		};
		9D746CAF1A358E0E009BEFCF /* Release */ = {
			isa = XCBuildConfiguration;
			baseConfigurationReference = 21CCCE696548561CAFB1ECBE /* Pods.release.xcconfig */;
			buildSettings = {
				ASSETCATALOG_COMPILER_APPICON_NAME = "AppIcon-2";
				ASSETCATALOG_COMPILER_LAUNCHIMAGE_NAME = LaunchImage;
				INFOPLIST_FILE = BCImagePicker/Info.plist;
				LD_RUNPATH_SEARCH_PATHS = "$(inherited) @executable_path/Frameworks";
				PRODUCT_NAME = "$(TARGET_NAME)";
			};
			name = Release;
		};
		9D746CB11A358E0E009BEFCF /* Debug */ = {
			isa = XCBuildConfiguration;
			buildSettings = {
				BUNDLE_LOADER = "$(TEST_HOST)";
				FRAMEWORK_SEARCH_PATHS = (
					"$(SDKROOT)/Developer/Library/Frameworks",
					"$(inherited)",
				);
				GCC_PREPROCESSOR_DEFINITIONS = (
					"DEBUG=1",
					"$(inherited)",
				);
				INFOPLIST_FILE = BCImagePickerTests/Info.plist;
				LD_RUNPATH_SEARCH_PATHS = "$(inherited) @executable_path/Frameworks @loader_path/Frameworks";
				PRODUCT_NAME = "$(TARGET_NAME)";
				TEST_HOST = "$(BUILT_PRODUCTS_DIR)/BCImagePicker.app/BCImagePicker";
			};
			name = Debug;
		};
		9D746CB21A358E0E009BEFCF /* Release */ = {
			isa = XCBuildConfiguration;
			buildSettings = {
				BUNDLE_LOADER = "$(TEST_HOST)";
				FRAMEWORK_SEARCH_PATHS = (
					"$(SDKROOT)/Developer/Library/Frameworks",
					"$(inherited)",
				);
				INFOPLIST_FILE = BCImagePickerTests/Info.plist;
				LD_RUNPATH_SEARCH_PATHS = "$(inherited) @executable_path/Frameworks @loader_path/Frameworks";
				PRODUCT_NAME = "$(TARGET_NAME)";
				TEST_HOST = "$(BUILT_PRODUCTS_DIR)/BCImagePicker.app/BCImagePicker";
			};
			name = Release;
		};
/* End XCBuildConfiguration section */

/* Begin XCConfigurationList section */
		9D746C851A358E0D009BEFCF /* Build configuration list for PBXProject "BCImagePicker" */ = {
			isa = XCConfigurationList;
			buildConfigurations = (
				9D746CAB1A358E0E009BEFCF /* Debug */,
				9D746CAC1A358E0E009BEFCF /* Release */,
			);
			defaultConfigurationIsVisible = 0;
			defaultConfigurationName = Release;
		};
		9D746CAD1A358E0E009BEFCF /* Build configuration list for PBXNativeTarget "BCImagePicker" */ = {
			isa = XCConfigurationList;
			buildConfigurations = (
				9D746CAE1A358E0E009BEFCF /* Debug */,
				9D746CAF1A358E0E009BEFCF /* Release */,
			);
			defaultConfigurationIsVisible = 0;
			defaultConfigurationName = Release;
		};
		9D746CB01A358E0E009BEFCF /* Build configuration list for PBXNativeTarget "BCImagePickerTests" */ = {
			isa = XCConfigurationList;
			buildConfigurations = (
				9D746CB11A358E0E009BEFCF /* Debug */,
				9D746CB21A358E0E009BEFCF /* Release */,
			);
			defaultConfigurationIsVisible = 0;
			defaultConfigurationName = Release;
		};
/* End XCConfigurationList section */
	};
	rootObject = 9D746C821A358E0D009BEFCF /* Project object */;
}
